
Microsoft Visual Studio Solution File, Format Version 12.00
# Visual Studio Version 17
VisualStudioVersion = 17.3.32922.545
MinimumVisualStudioVersion = 10.0.40219.1
Project("{FAE04EC0-301F-11D3-BF4B-00C04F79EFBC}") = "RMDataManager", "RMDataManager\RMDataManager.csproj", "{C99EAF67-1EE6-4B21-96FD-C4DA2E0F1D2A}"
EndProject
Global
	GlobalSection(SolutionConfigurationPlatforms) = preSolution
		Debug|Any CPU = Debug|Any CPU
		Release|Any CPU = Release|Any CPU
	EndGlobalSection
	GlobalSection(ProjectConfigurationPlatforms) = postSolution
		{C99EAF67-1EE6-4B21-96FD-C4DA2E0F1D2A}.Debug|Any CPU.ActiveCfg = Debug|Any CPU
		{C99EAF67-1EE6-4B21-96FD-C4DA2E0F1D2A}.Debug|Any CPU.Build.0 = Debug|Any CPU
		{C99EAF67-1EE6-4B21-96FD-C4DA2E0F1D2A}.Release|Any CPU.ActiveCfg = Release|Any CPU
		{C99EAF67-1EE6-4B21-96FD-C4DA2E0F1D2A}.Release|Any CPU.Build.0 = Release|Any CPU
	EndGlobalSection
	GlobalSection(SolutionProperties) = preSolution
		HideSolutionNode = FALSE
	EndGlobalSection
	GlobalSection(ExtensibilityGlobals) = postSolution
		SolutionGuid = {27245712-6B30-4767-BF10-D8ACF90C3859}
	EndGlobalSection
EndGlobal
